
Microsoft Visual Studio Solution File, Format Version 12.00
# Visual Studio 15
VisualStudioVersion = 15.0.27703.2035
MinimumVisualStudioVersion = 10.0.40219.1
Project("{FAE04EC0-301F-11D3-BF4B-00C04F79EFBC}") = "WebApplication1", "WebApplication1\WebApplication1.csproj", "{8D956415-1E9A-4A0C-8DEB-CD7991DAD755}"
EndProject
Global
	GlobalSection(SolutionConfigurationPlatforms) = preSolution
		Debug|Any CPU = Debug|Any CPU
		Release|Any CPU = Release|Any CPU
	EndGlobalSection
	GlobalSection(ProjectConfigurationPlatforms) = postSolution
		{8D956415-1E9A-4A0C-8DEB-CD7991DAD755}.Debug|Any CPU.ActiveCfg = Debug|Any CPU
		{8D956415-1E9A-4A0C-8DEB-CD7991DAD755}.Debug|Any CPU.Build.0 = Debug|Any CPU
		{8D956415-1E9A-4A0C-8DEB-CD7991DAD755}.Release|Any CPU.ActiveCfg = Release|Any CPU
		{8D956415-1E9A-4A0C-8DEB-CD7991DAD755}.Release|Any CPU.Build.0 = Release|Any CPU
	EndGlobalSection
	GlobalSection(SolutionProperties) = preSolution
		HideSolutionNode = FALSE
	EndGlobalSection
	GlobalSection(ExtensibilityGlobals) = postSolution
		SolutionGuid = {C577CB7B-76F9-4BAB-A9AB-DE2D5FB8084F}
	EndGlobalSection
EndGlobal
